{
  "name": "renovate_tutorial",
  "version": "0.0.1",
  "lockfileVersion": 2,
  "requires": true,
  "packages": {
    "": {
      "name": "renovate_tutorial",
      "version": "0.0.1",
      "license": "Apache-2.0",
      "dependencies": {
        "@astiamicii/monorepo-example": "1.14.0",
        "@astiamicii/npm-publish": "1.8.0",
        "commander": "2.20.3",
        "lodash": "4.17.20"
      }
    },
    "node_modules/@astiamicii/monorepo-example": {
      "version": "1.14.0",
      "resolved": "https://registry.npmjs.org/@astiamicii/monorepo-example/-/monorepo-example-1.14.0.tgz",
      "integrity": "sha512-IsbFuPDKeZqQI9InghDv4//InSgor+zerKwSbaSw8+OTHaBc9RXufKOe2pKw436Y4mfdQmn2BMWMNSzR7aD+gQ=="
    },
    "node_modules/@astiamicii/npm-publish": {
      "version": "1.8.0",
      "resolved": "https://registry.npmjs.org/@astiamicii/npm-publish/-/npm-publish-1.8.0.tgz",
      "integrity": "sha512-yqdVJiricELvzUeO82t7RBNOjx/BCaIPSXqqZnNMC2nwsKSZs7pxYLif40XFSBAcBfePBQV34J/YRim+eGkDbA=="
    },
    "node_modules/commander": {
      "version": "2.20.3",
      "resolved": "https://registry.npmjs.org/commander/-/commander-2.20.3.tgz",
      "integrity": "sha512-GpVkmM8vF2vQUkj2LvZmD35JxeJOLCwJ9cUkugyk2nuhbv3+mJvpLYYt+0+USMxE+oj+ey/lJEnhZw75x/OMcQ=="
    },
    "node_modules/lodash": {
      "version": "4.17.20",
      "resolved": "https://registry.npmjs.org/lodash/-/lodash-4.17.20.tgz",
      "integrity": "sha512-PlhdFcillOINfeV7Ni6oF1TAEayyZBoZ8bcshTHqOYJYlrqzRK5hagpagky5o4HfCzzd1TRkXPMFq6cKk9rGmA=="
    }
  },
  "dependencies": {
    "@astiamicii/monorepo-example": {
      "version": "1.14.0",
      "resolved": "https://registry.npmjs.org/@astiamicii/monorepo-example/-/monorepo-example-1.14.0.tgz",
      "integrity": "sha512-IsbFuPDKeZqQI9InghDv4//InSgor+zerKwSbaSw8+OTHaBc9RXufKOe2pKw436Y4mfdQmn2BMWMNSzR7aD+gQ=="
    },
    "@astiamicii/npm-publish": {
      "version": "1.8.0",
      "resolved": "https://registry.npmjs.org/@astiamicii/npm-publish/-/npm-publish-1.8.0.tgz",
      "integrity": "sha512-yqdVJiricELvzUeO82t7RBNOjx/BCaIPSXqqZnNMC2nwsKSZs7pxYLif40XFSBAcBfePBQV34J/YRim+eGkDbA=="
    },
    "commander": {
      "version": "2.20.3",
      "resolved": "https://registry.npmjs.org/commander/-/commander-2.20.3.tgz",
      "integrity": "sha512-GpVkmM8vF2vQUkj2LvZmD35JxeJOLCwJ9cUkugyk2nuhbv3+mJvpLYYt+0+USMxE+oj+ey/lJEnhZw75x/OMcQ=="
    },
    "lodash": {
      "version": "4.17.20",
      "resolved": "https://registry.npmjs.org/lodash/-/lodash-4.17.20.tgz",
      "integrity": "sha512-PlhdFcillOINfeV7Ni6oF1TAEayyZBoZ8bcshTHqOYJYlrqzRK5hagpagky5o4HfCzzd1TRkXPMFq6cKk9rGmA=="
    }
  }
}
